
Microsoft Visual Studio Solution File, Format Version 12.00
# Visual Studio Version 16
VisualStudioVersion = 16.0.30523.141
MinimumVisualStudioVersion = 10.0.40219.1
Project("{FAE04EC0-301F-11D3-BF4B-00C04F79EFBC}") = "Zachary-Childers-CPT-185-Lab-8", "Zachary-Childers-CPT-185-Lab-8.csproj", "{036D1198-195E-4E98-8F70-6580C66006F2}"
EndProject
Global
	GlobalSection(SolutionConfigurationPlatforms) = preSolution
		Debug|Any CPU = Debug|Any CPU
		Release|Any CPU = Release|Any CPU
	EndGlobalSection
	GlobalSection(ProjectConfigurationPlatforms) = postSolution
		{036D1198-195E-4E98-8F70-6580C66006F2}.Debug|Any CPU.ActiveCfg = Debug|Any CPU
		{036D1198-195E-4E98-8F70-6580C66006F2}.Debug|Any CPU.Build.0 = Debug|Any CPU
		{036D1198-195E-4E98-8F70-6580C66006F2}.Release|Any CPU.ActiveCfg = Release|Any CPU
		{036D1198-195E-4E98-8F70-6580C66006F2}.Release|Any CPU.Build.0 = Release|Any CPU
	EndGlobalSection
	GlobalSection(SolutionProperties) = preSolution
		HideSolutionNode = FALSE
	EndGlobalSection
	GlobalSection(ExtensibilityGlobals) = postSolution
		SolutionGuid = {044C5D85-14C6-49CD-AE67-7518E19C00D9}
	EndGlobalSection
EndGlobal
